// !$*UTF8*$!
{
	archiveVersion = 1;
	classes = {
	};
	objectVersion = 46;
	objects = {

/* Begin PBXBuildFile section */
		DB66638A1D72289C0063F382 /* TableViewController.swift in Sources */ = {isa = PBXBuildFile; fileRef = DB6663891D72289C0063F382 /* TableViewController.swift */; };
		DBBCC7C11D737D63008CCDCA /* RoadTVC.swift in Sources */ = {isa = PBXBuildFile; fileRef = DBBCC7C01D737D63008CCDCA /* RoadTVC.swift */; };
		DBBCC7C31D738591008CCDCA /* locationFormTVC.swift in Sources */ = {isa = PBXBuildFile; fileRef = DBBCC7C21D738591008CCDCA /* locationFormTVC.swift */; };
		DBBE0C751D70BACE00D22920 /* AccountInfoVC.swift in Sources */ = {isa = PBXBuildFile; fileRef = DBBE0C741D70BACE00D22920 /* AccountInfoVC.swift */; };
		DBE1C2A91D63BF7E00B8BD55 /* Fabric.framework in Frameworks */ = {isa = PBXBuildFile; fileRef = DBE1C2A51D63BF7E00B8BD55 /* Fabric.framework */; };
		DBE1C2AA1D63BF7E00B8BD55 /* TwitterKit.framework in Frameworks */ = {isa = PBXBuildFile; fileRef = DBE1C2A61D63BF7E00B8BD55 /* TwitterKit.framework */; };
		DBE1C2AB1D63BF7E00B8BD55 /* TwitterKitResources.bundle in Resources */ = {isa = PBXBuildFile; fileRef = DBE1C2A71D63BF7E00B8BD55 /* TwitterKitResources.bundle */; };
		DBE1C2AC1D63BF7E00B8BD55 /* TwitterCore.framework in Frameworks */ = {isa = PBXBuildFile; fileRef = DBE1C2A81D63BF7E00B8BD55 /* TwitterCore.framework */; };
		DBE1C2B11D63C1C300B8BD55 /* TwitterFeedVC.swift in Sources */ = {isa = PBXBuildFile; fileRef = DBE1C2B01D63C1C300B8BD55 /* TwitterFeedVC.swift */; };
		DBFBDC081D639DF4005AC1C8 /* AppDelegate.swift in Sources */ = {isa = PBXBuildFile; fileRef = DBFBDC071D639DF4005AC1C8 /* AppDelegate.swift */; };
		DBFBDC0D1D639DF4005AC1C8 /* Main.storyboard in Resources */ = {isa = PBXBuildFile; fileRef = DBFBDC0B1D639DF4005AC1C8 /* Main.storyboard */; };
		DBFBDC101D639DF4005AC1C8 /* myMunicipality.xcdatamodeld in Sources */ = {isa = PBXBuildFile; fileRef = DBFBDC0E1D639DF4005AC1C8 /* myMunicipality.xcdatamodeld */; };
		DBFBDC121D639DF4005AC1C8 /* Assets.xcassets in Resources */ = {isa = PBXBuildFile; fileRef = DBFBDC111D639DF4005AC1C8 /* Assets.xcassets */; };
		DBFBDC151D639DF4005AC1C8 /* LaunchScreen.storyboard in Resources */ = {isa = PBXBuildFile; fileRef = DBFBDC131D639DF4005AC1C8 /* LaunchScreen.storyboard */; };
/* End PBXBuildFile section */

/* Begin PBXFileReference section */
		DB6663891D72289C0063F382 /* TableViewController.swift */ = {isa = PBXFileReference; fileEncoding = 4; lastKnownFileType = sourcecode.swift; path = TableViewController.swift; sourceTree = "<group>"; };
		DBBCC7C01D737D63008CCDCA /* RoadTVC.swift */ = {isa = PBXFileReference; fileEncoding = 4; lastKnownFileType = sourcecode.swift; path = RoadTVC.swift; sourceTree = "<group>"; };
		DBBCC7C21D738591008CCDCA /* locationFormTVC.swift */ = {isa = PBXFileReference; fileEncoding = 4; lastKnownFileType = sourcecode.swift; path = locationFormTVC.swift; sourceTree = "<group>"; };
		DBBE0C741D70BACE00D22920 /* AccountInfoVC.swift */ = {isa = PBXFileReference; fileEncoding = 4; lastKnownFileType = sourcecode.swift; path = AccountInfoVC.swift; sourceTree = "<group>"; };
		DBE1C2A51D63BF7E00B8BD55 /* Fabric.framework */ = {isa = PBXFileReference; lastKnownFileType = wrapper.framework; path = Fabric.framework; sourceTree = "<group>"; };
		DBE1C2A61D63BF7E00B8BD55 /* TwitterKit.framework */ = {isa = PBXFileReference; lastKnownFileType = wrapper.framework; path = TwitterKit.framework; sourceTree = "<group>"; };
		DBE1C2A71D63BF7E00B8BD55 /* TwitterKitResources.bundle */ = {isa = PBXFileReference; lastKnownFileType = "wrapper.plug-in"; name = TwitterKitResources.bundle; path = TwitterKit.framework/Versions/A/Resources/TwitterKitResources.bundle; sourceTree = "<group>"; };
		DBE1C2A81D63BF7E00B8BD55 /* TwitterCore.framework */ = {isa = PBXFileReference; lastKnownFileType = wrapper.framework; path = TwitterCore.framework; sourceTree = "<group>"; };
		DBE1C2B01D63C1C300B8BD55 /* TwitterFeedVC.swift */ = {isa = PBXFileReference; fileEncoding = 4; lastKnownFileType = sourcecode.swift; path = TwitterFeedVC.swift; sourceTree = "<group>"; };
		DBFBDC041D639DF4005AC1C8 /* myMunicipality.app */ = {isa = PBXFileReference; explicitFileType = wrapper.application; includeInIndex = 0; path = myMunicipality.app; sourceTree = BUILT_PRODUCTS_DIR; };
		DBFBDC071D639DF4005AC1C8 /* AppDelegate.swift */ = {isa = PBXFileReference; lastKnownFileType = sourcecode.swift; path = AppDelegate.swift; sourceTree = "<group>"; };
		DBFBDC0C1D639DF4005AC1C8 /* Base */ = {isa = PBXFileReference; lastKnownFileType = file.storyboard; name = Base; path = Base.lproj/Main.storyboard; sourceTree = "<group>"; };
		DBFBDC0F1D639DF4005AC1C8 /* myMunicipality.xcdatamodel */ = {isa = PBXFileReference; lastKnownFileType = wrapper.xcdatamodel; path = myMunicipality.xcdatamodel; sourceTree = "<group>"; };
		DBFBDC111D639DF4005AC1C8 /* Assets.xcassets */ = {isa = PBXFileReference; lastKnownFileType = folder.assetcatalog; path = Assets.xcassets; sourceTree = "<group>"; };
		DBFBDC141D639DF4005AC1C8 /* Base */ = {isa = PBXFileReference; lastKnownFileType = file.storyboard; name = Base; path = Base.lproj/LaunchScreen.storyboard; sourceTree = "<group>"; };
		DBFBDC161D639DF4005AC1C8 /* Info.plist */ = {isa = PBXFileReference; lastKnownFileType = text.plist.xml; path = Info.plist; sourceTree = "<group>"; };
/* End PBXFileReference section */

/* Begin PBXFrameworksBuildPhase section */
		DBFBDC011D639DF4005AC1C8 /* Frameworks */ = {
			isa = PBXFrameworksBuildPhase;
			buildActionMask = 2147483647;
			files = (
				DBE1C2A91D63BF7E00B8BD55 /* Fabric.framework in Frameworks */,
				DBE1C2AC1D63BF7E00B8BD55 /* TwitterCore.framework in Frameworks */,
				DBE1C2AA1D63BF7E00B8BD55 /* TwitterKit.framework in Frameworks */,
			);
			runOnlyForDeploymentPostprocessing = 0;
		};
/* End PBXFrameworksBuildPhase section */

/* Begin PBXGroup section */
		DBE1C2AD1D63C06C00B8BD55 /* Twitter */ = {
			isa = PBXGroup;
			children = (
				DBE1C2A51D63BF7E00B8BD55 /* Fabric.framework */,
				DBE1C2A61D63BF7E00B8BD55 /* TwitterKit.framework */,
				DBE1C2A71D63BF7E00B8BD55 /* TwitterKitResources.bundle */,
				DBE1C2A81D63BF7E00B8BD55 /* TwitterCore.framework */,
			);
			name = Twitter;
			sourceTree = "<group>";
		};
		DBFBDBFB1D639DF4005AC1C8 = {
			isa = PBXGroup;
			children = (
				DBE1C2AD1D63C06C00B8BD55 /* Twitter */,
				DBFBDC061D639DF4005AC1C8 /* myMunicipality */,
				DBFBDC051D639DF4005AC1C8 /* Products */,
			);
			sourceTree = "<group>";
		};
		DBFBDC051D639DF4005AC1C8 /* Products */ = {
			isa = PBXGroup;
			children = (
				DBFBDC041D639DF4005AC1C8 /* myMunicipality.app */,
			);
			name = Products;
			sourceTree = "<group>";
		};
		DBFBDC061D639DF4005AC1C8 /* myMunicipality */ = {
			isa = PBXGroup;
			children = (
				DBE1C2B01D63C1C300B8BD55 /* TwitterFeedVC.swift */,
				DBFBDC071D639DF4005AC1C8 /* AppDelegate.swift */,
				DBFBDC0B1D639DF4005AC1C8 /* Main.storyboard */,
				DBBCC7C21D738591008CCDCA /* locationFormTVC.swift */,
				DBBCC7C01D737D63008CCDCA /* RoadTVC.swift */,
				DBBE0C741D70BACE00D22920 /* AccountInfoVC.swift */,
				DB6663891D72289C0063F382 /* TableViewController.swift */,
				DBFBDC111D639DF4005AC1C8 /* Assets.xcassets */,
				DBFBDC131D639DF4005AC1C8 /* LaunchScreen.storyboard */,
				DBFBDC161D639DF4005AC1C8 /* Info.plist */,
				DBFBDC0E1D639DF4005AC1C8 /* myMunicipality.xcdatamodeld */,
			);
			path = myMunicipality;
			sourceTree = "<group>";
		};
/* End PBXGroup section */

/* Begin PBXNativeTarget section */
		DBFBDC031D639DF4005AC1C8 /* myMunicipality */ = {
			isa = PBXNativeTarget;
			buildConfigurationList = DBFBDC191D639DF4005AC1C8 /* Build configuration list for PBXNativeTarget "myMunicipality" */;
			buildPhases = (
				DBFBDC001D639DF4005AC1C8 /* Sources */,
				DBFBDC011D639DF4005AC1C8 /* Frameworks */,
				DBFBDC021D639DF4005AC1C8 /* Resources */,
				DBE1C2A41D63BDCA00B8BD55 /* ShellScript */,
			);
			buildRules = (
			);
			dependencies = (
			);
			name = myMunicipality;
			productName = myMunicipality;
			productReference = DBFBDC041D639DF4005AC1C8 /* myMunicipality.app */;
			productType = "com.apple.product-type.application";
		};
/* End PBXNativeTarget section */

/* Begin PBXProject section */
		DBFBDBFC1D639DF4005AC1C8 /* Project object */ = {
			isa = PBXProject;
			attributes = {
				LastSwiftUpdateCheck = 0730;
				LastUpgradeCheck = 0730;
				ORGANIZATIONNAME = "Karabo Moloi";
				TargetAttributes = {
					DBFBDC031D639DF4005AC1C8 = {
						CreatedOnToolsVersion = 7.3.1;
					};
				};
			};
			buildConfigurationList = DBFBDBFF1D639DF4005AC1C8 /* Build configuration list for PBXProject "myMunicipality" */;
			compatibilityVersion = "Xcode 3.2";
			developmentRegion = English;
			hasScannedForEncodings = 0;
			knownRegions = (
				en,
				Base,
			);
			mainGroup = DBFBDBFB1D639DF4005AC1C8;
			productRefGroup = DBFBDC051D639DF4005AC1C8 /* Products */;
			projectDirPath = "";
			projectRoot = "";
			targets = (
				DBFBDC031D639DF4005AC1C8 /* myMunicipality */,
			);
		};
/* End PBXProject section */

/* Begin PBXResourcesBuildPhase section */
		DBFBDC021D639DF4005AC1C8 /* Resources */ = {
			isa = PBXResourcesBuildPhase;
			buildActionMask = 2147483647;
			files = (
				DBE1C2AB1D63BF7E00B8BD55 /* TwitterKitResources.bundle in Resources */,
				DBFBDC151D639DF4005AC1C8 /* LaunchScreen.storyboard in Resources */,
				DBFBDC121D639DF4005AC1C8 /* Assets.xcassets in Resources */,
				DBFBDC0D1D639DF4005AC1C8 /* Main.storyboard in Resources */,
			);
			runOnlyForDeploymentPostprocessing = 0;
		};
/* End PBXResourcesBuildPhase section */

/* Begin PBXShellScriptBuildPhase section */
		DBE1C2A41D63BDCA00B8BD55 /* ShellScript */ = {
			isa = PBXShellScriptBuildPhase;
			buildActionMask = 2147483647;
			files = (
			);
			inputPaths = (
			);
			outputPaths = (
			);
			runOnlyForDeploymentPostprocessing = 0;
			shellPath = /bin/sh;
			shellScript = "./Fabric.framework/run cafcc8c3505c750d8193b6a17698e4ac5905c925 c092eed6fe3a816d3e0b7125336f68413de073e71e65398901f1fd7a3bd15138";
		};
/* End PBXShellScriptBuildPhase section */

/* Begin PBXSourcesBuildPhase section */
		DBFBDC001D639DF4005AC1C8 /* Sources */ = {
			isa = PBXSourcesBuildPhase;
			buildActionMask = 2147483647;
			files = (
				DBBE0C751D70BACE00D22920 /* AccountInfoVC.swift in Sources */,
				DBE1C2B11D63C1C300B8BD55 /* TwitterFeedVC.swift in Sources */,
				DBBCC7C31D738591008CCDCA /* locationFormTVC.swift in Sources */,
				DBFBDC101D639DF4005AC1C8 /* myMunicipality.xcdatamodeld in Sources */,
				DBBCC7C11D737D63008CCDCA /* RoadTVC.swift in Sources */,
				DB66638A1D72289C0063F382 /* TableViewController.swift in Sources */,
				DBFBDC081D639DF4005AC1C8 /* AppDelegate.swift in Sources */,
			);
			runOnlyForDeploymentPostprocessing = 0;
		};
/* End PBXSourcesBuildPhase section */

/* Begin PBXVariantGroup section */
		DBFBDC0B1D639DF4005AC1C8 /* Main.storyboard */ = {
			isa = PBXVariantGroup;
			children = (
				DBFBDC0C1D639DF4005AC1C8 /* Base */,
			);
			name = Main.storyboard;
			sourceTree = "<group>";
		};
		DBFBDC131D639DF4005AC1C8 /* LaunchScreen.storyboard */ = {
			isa = PBXVariantGroup;
			children = (
				DBFBDC141D639DF4005AC1C8 /* Base */,
			);
			name = LaunchScreen.storyboard;
			sourceTree = "<group>";
		};
/* End PBXVariantGroup section */

/* Begin XCBuildConfiguration section */
		DBFBDC171D639DF4005AC1C8 /* Debug */ = {
			isa = XCBuildConfiguration;
			buildSettings = {
				ALWAYS_SEARCH_USER_PATHS = NO;
				CLANG_ANALYZER_NONNULL = YES;
				CLANG_CXX_LANGUAGE_STANDARD = "gnu++0x";
				CLANG_CXX_LIBRARY = "libc++";
				CLANG_ENABLE_MODULES = YES;
				CLANG_ENABLE_OBJC_ARC = YES;
				CLANG_WARN_BOOL_CONVERSION = YES;
				CLANG_WARN_CONSTANT_CONVERSION = YES;
				CLANG_WARN_DIRECT_OBJC_ISA_USAGE = YES_ERROR;
				CLANG_WARN_EMPTY_BODY = YES;
				CLANG_WARN_ENUM_CONVERSION = YES;
				CLANG_WARN_INT_CONVERSION = YES;
				CLANG_WARN_OBJC_ROOT_CLASS = YES_ERROR;
				CLANG_WARN_UNREACHABLE_CODE = YES;
				CLANG_WARN__DUPLICATE_METHOD_MATCH = YES;
				"CODE_SIGN_IDENTITY[sdk=iphoneos*]" = "iPhone Developer";
				COPY_PHASE_STRIP = NO;
				DEBUG_INFORMATION_FORMAT = dwarf;
				ENABLE_STRICT_OBJC_MSGSEND = YES;
				ENABLE_TESTABILITY = YES;
				GCC_C_LANGUAGE_STANDARD = gnu99;
				GCC_DYNAMIC_NO_PIC = NO;
				GCC_NO_COMMON_BLOCKS = YES;
				GCC_OPTIMIZATION_LEVEL = 0;
				GCC_PREPROCESSOR_DEFINITIONS = (
					"DEBUG=1",
					"$(inherited)",
				);
				GCC_WARN_64_TO_32_BIT_CONVERSION = YES;
				GCC_WARN_ABOUT_RETURN_TYPE = YES_ERROR;
				GCC_WARN_UNDECLARED_SELECTOR = YES;
				GCC_WARN_UNINITIALIZED_AUTOS = YES_AGGRESSIVE;
				GCC_WARN_UNUSED_FUNCTION = YES;
				GCC_WARN_UNUSED_VARIABLE = YES;
				IPHONEOS_DEPLOYMENT_TARGET = 9.3;
				MTL_ENABLE_DEBUG_INFO = YES;
				ONLY_ACTIVE_ARCH = YES;
				SDKROOT = iphoneos;
				SWIFT_OPTIMIZATION_LEVEL = "-Onone";
			};
			name = Debug;
		};
		DBFBDC181D639DF4005AC1C8 /* Release */ = {
			isa = XCBuildConfiguration;
			buildSettings = {
				ALWAYS_SEARCH_USER_PATHS = NO;
				CLANG_ANALYZER_NONNULL = YES;
				CLANG_CXX_LANGUAGE_STANDARD = "gnu++0x";
				CLANG_CXX_LIBRARY = "libc++";
				CLANG_ENABLE_MODULES = YES;
				CLANG_ENABLE_OBJC_ARC = YES;
				CLANG_WARN_BOOL_CONVERSION = YES;
				CLANG_WARN_CONSTANT_CONVERSION = YES;
				CLANG_WARN_DIRECT_OBJC_ISA_USAGE = YES_ERROR;
				CLANG_WARN_EMPTY_BODY = YES;
				CLANG_WARN_ENUM_CONVERSION = YES;
				CLANG_WARN_INT_CONVERSION = YES;
				CLANG_WARN_OBJC_ROOT_CLASS = YES_ERROR;
				CLANG_WARN_UNREACHABLE_CODE = YES;
				CLANG_WARN__DUPLICATE_METHOD_MATCH = YES;
				"CODE_SIGN_IDENTITY[sdk=iphoneos*]" = "iPhone Developer";
				COPY_PHASE_STRIP = NO;
				DEBUG_INFORMATION_FORMAT = "dwarf-with-dsym";
				ENABLE_NS_ASSERTIONS = NO;
				ENABLE_STRICT_OBJC_MSGSEND = YES;
				GCC_C_LANGUAGE_STANDARD = gnu99;
				GCC_NO_COMMON_BLOCKS = YES;
				GCC_WARN_64_TO_32_BIT_CONVERSION = YES;
				GCC_WARN_ABOUT_RETURN_TYPE = YES_ERROR;
				GCC_WARN_UNDECLARED_SELECTOR = YES;
				GCC_WARN_UNINITIALIZED_AUTOS = YES_AGGRESSIVE;
				GCC_WARN_UNUSED_FUNCTION = YES;
				GCC_WARN_UNUSED_VARIABLE = YES;
				IPHONEOS_DEPLOYMENT_TARGET = 9.3;
				MTL_ENABLE_DEBUG_INFO = NO;
				SDKROOT = iphoneos;
				VALIDATE_PRODUCT = YES;
			};
			name = Release;
		};
		DBFBDC1A1D639DF4005AC1C8 /* Debug */ = {
			isa = XCBuildConfiguration;
			buildSettings = {
				ASSETCATALOG_COMPILER_APPICON_NAME = AppIcon;
				DEBUG_INFORMATION_FORMAT = "dwarf-with-dsym";
				FRAMEWORK_SEARCH_PATHS = (
					"$(inherited)",
					"$(PROJECT_DIR)",
				);
				INFOPLIST_FILE = myMunicipality/Info.plist;
				LD_RUNPATH_SEARCH_PATHS = "$(inherited) @executable_path/Frameworks";
				PRODUCT_BUNDLE_IDENTIFIER = karabomoloi.myMunicipality;
				PRODUCT_NAME = "$(TARGET_NAME)";
			};
			name = Debug;
		};
		DBFBDC1B1D639DF4005AC1C8 /* Release */ = {
			isa = XCBuildConfiguration;
			buildSettings = {
				ASSETCATALOG_COMPILER_APPICON_NAME = AppIcon;
				DEBUG_INFORMATION_FORMAT = "dwarf-with-dsym";
				FRAMEWORK_SEARCH_PATHS = (
					"$(inherited)",
					"$(PROJECT_DIR)",
				);
				INFOPLIST_FILE = myMunicipality/Info.plist;
				LD_RUNPATH_SEARCH_PATHS = "$(inherited) @executable_path/Frameworks";
				PRODUCT_BUNDLE_IDENTIFIER = karabomoloi.myMunicipality;
				PRODUCT_NAME = "$(TARGET_NAME)";
			};
			name = Release;
		};
/* End XCBuildConfiguration section */

/* Begin XCConfigurationList section */
		DBFBDBFF1D639DF4005AC1C8 /* Build configuration list for PBXProject "myMunicipality" */ = {
			isa = XCConfigurationList;
			buildConfigurations = (
				DBFBDC171D639DF4005AC1C8 /* Debug */,
				DBFBDC181D639DF4005AC1C8 /* Release */,
			);
			defaultConfigurationIsVisible = 0;
			defaultConfigurationName = Release;
		};
		DBFBDC191D639DF4005AC1C8 /* Build configuration list for PBXNativeTarget "myMunicipality" */ = {
			isa = XCConfigurationList;
			buildConfigurations = (
				DBFBDC1A1D639DF4005AC1C8 /* Debug */,
				DBFBDC1B1D639DF4005AC1C8 /* Release */,
			);
			defaultConfigurationIsVisible = 0;
			defaultConfigurationName = Release;
		};
/* End XCConfigurationList section */

/* Begin XCVersionGroup section */
		DBFBDC0E1D639DF4005AC1C8 /* myMunicipality.xcdatamodeld */ = {
			isa = XCVersionGroup;
			children = (
				DBFBDC0F1D639DF4005AC1C8 /* myMunicipality.xcdatamodel */,
			);
			currentVersion = DBFBDC0F1D639DF4005AC1C8 /* myMunicipality.xcdatamodel */;
			path = myMunicipality.xcdatamodeld;
			sourceTree = "<group>";
			versionGroupType = wrapper.xcdatamodel;
		};
/* End XCVersionGroup section */
	};
	rootObject = DBFBDBFC1D639DF4005AC1C8 /* Project object */;
}
